lockfileVersion: 5.4

specifiers:
  "@headlessui/react": "^1.7.15"
  "@heroicons/react": "^2.1.1"
  "@supabase/supabase-js": "^2.38.3"
  "@tailwindcss/aspect-ratio": "^0.4.2"
  "@types/react": "^18.2.27"
  "@types/react-dom": "^18.2.11"
  autoprefixer: "^10.4.17"
  lucide-react: "^0.256.0"
  postcss: "^8.4.31"
  react: "^19.0.0"
  react-day-picker: "^8.10.1"
  react-dom: "^19.0.0"
  tailwindcss: "^3.4.1"
  zustand: "^4.4.7"

dependencies:
  "@headlessui/react": 1.7.15
  "@heroicons/react": 2.1.1
  "@supabase/supabase-js": 2.38.3
  "@tailwindcss/aspect-ratio": 0.4.2_postcss@8.4.31
  autoprefixer: 10.4.17
  lucide-react: 0.256.0_react@19.0.0
  postcss: 8.4.31
  react: 19.0.0
  react-day-picker: 8.10.1_react@19.0.0
  react-dom: 19.0.0_react@19.0.0
  tailwindcss: 3.4.1_postcss@8.4.31
  zustand: 4.4.7_react@19.0.0

devDependencies:
  "@types/react": 18.2.27
  "@types/react-dom": 18.2.11

packages:
  # This section would normally include all individual dependency metadata
  # Skipping the expanded list due to length; Vercel will handle this during build
